
Microsoft Visual Studio Solution File, Format Version 12.00
# Visual Studio 15
VisualStudioVersion = 15.0.27703.2035
MinimumVisualStudioVersion = 10.0.40219.1
Project("{F184B08F-C81C-45F6-A57F-5ABD9991F28F}") = "Viajes", "Viajes\Viajes.vbproj", "{D7092DED-B794-4E8D-866E-1C3CF4A51C02}"
EndProject
Project("{F184B08F-C81C-45F6-A57F-5ABD9991F28F}") = "Test", "Test\Test.vbproj", "{F4F031C6-674C-49E8-A128-D7CC460F2158}"
EndProject
Global
	GlobalSection(SolutionConfigurationPlatforms) = preSolution
		Debug|Any CPU = Debug|Any CPU
		Release|Any CPU = Release|Any CPU
	EndGlobalSection
	GlobalSection(ProjectConfigurationPlatforms) = postSolution
		{D7092DED-B794-4E8D-866E-1C3CF4A51C02}.Debug|Any CPU.ActiveCfg = Debug|Any CPU
		{D7092DED-B794-4E8D-866E-1C3CF4A51C02}.Debug|Any CPU.Build.0 = Debug|Any CPU
		{D7092DED-B794-4E8D-866E-1C3CF4A51C02}.Release|Any CPU.ActiveCfg = Release|Any CPU
		{D7092DED-B794-4E8D-866E-1C3CF4A51C02}.Release|Any CPU.Build.0 = Release|Any CPU
		{F4F031C6-674C-49E8-A128-D7CC460F2158}.Debug|Any CPU.ActiveCfg = Debug|Any CPU
		{F4F031C6-674C-49E8-A128-D7CC460F2158}.Debug|Any CPU.Build.0 = Debug|Any CPU
		{F4F031C6-674C-49E8-A128-D7CC460F2158}.Release|Any CPU.ActiveCfg = Release|Any CPU
		{F4F031C6-674C-49E8-A128-D7CC460F2158}.Release|Any CPU.Build.0 = Release|Any CPU
	EndGlobalSection
	GlobalSection(SolutionProperties) = preSolution
		HideSolutionNode = FALSE
	EndGlobalSection
	GlobalSection(ExtensibilityGlobals) = postSolution
		SolutionGuid = {952832E2-1393-4132-8D32-D28F7DDD49EE}
	EndGlobalSection
EndGlobal
